
Microsoft Visual Studio Solution File, Format Version 12.00
# Visual Studio Version 17
VisualStudioVersion = 17.3.32929.385
MinimumVisualStudioVersion = 10.0.40219.1
Project("{FAE04EC0-301F-11D3-BF4B-00C04F79EFBC}") = "SkylinesTelemetryMod", "SkylinesTelemetryMod.csproj", "{5EB4E816-C258-4CE3-80B8-3ED2C6619412}"
EndProject
Global
	GlobalSection(SolutionConfigurationPlatforms) = preSolution
		Debug|Any CPU = Debug|Any CPU
		Release|Any CPU = Release|Any CPU
	EndGlobalSection
	GlobalSection(ProjectConfigurationPlatforms) = postSolution
		{5EB4E816-C258-4CE3-80B8-3ED2C6619412}.Debug|Any CPU.ActiveCfg = Debug|Any CPU
		{5EB4E816-C258-4CE3-80B8-3ED2C6619412}.Debug|Any CPU.Build.0 = Debug|Any CPU
		{5EB4E816-C258-4CE3-80B8-3ED2C6619412}.Release|Any CPU.ActiveCfg = Release|Any CPU
		{5EB4E816-C258-4CE3-80B8-3ED2C6619412}.Release|Any CPU.Build.0 = Release|Any CPU
	EndGlobalSection
	GlobalSection(SolutionProperties) = preSolution
		HideSolutionNode = FALSE
	EndGlobalSection
	GlobalSection(ExtensibilityGlobals) = postSolution
		SolutionGuid = {B13980B7-0A98-4782-A55D-243C92207F30}
	EndGlobalSection
EndGlobal
